
Microsoft Visual Studio Solution File, Format Version 12.00
# Visual Studio Version 17
VisualStudioVersion = 17.8.34330.188
MinimumVisualStudioVersion = 10.0.40219.1
Project("{9A19103F-16F7-4668-BE54-9A1E7A4F7556}") = "Stage0", "Stage0\Stage0.csproj", "{8581EE56-C812-48FE-ACE8-8A1A0791051A}"
EndProject
Project("{2150E333-8FDC-42A3-9474-1A3956D46DE8}") = "Solution Items", "Solution Items", "{14A5D6E3-22FC-4B99-A43A-33C09E3FF76B}"
	ProjectSection(SolutionItems) = preProject
		README.md = README.md
	EndProjectSection
EndProject
Project("{9A19103F-16F7-4668-BE54-9A1E7A4F7556}") = "DalFacade", "DalFacade\DalFacade.csproj", "{C68C5882-CD6B-4B8D-879C-A56BE525E449}"
EndProject
Project("{9A19103F-16F7-4668-BE54-9A1E7A4F7556}") = "DalList", "DalList\DalList.csproj", "{4460315F-7ACD-40AE-AE13-D9F52388EE3B}"
EndProject
Project("{9A19103F-16F7-4668-BE54-9A1E7A4F7556}") = "DalTest", "DalTest\DalTest.csproj", "{83D168FF-2FB9-4311-8CB7-7D2587259079}"
EndProject
Project("{9A19103F-16F7-4668-BE54-9A1E7A4F7556}") = "DalXml", "DalXml\DalXml.csproj", "{8938F21D-363F-460D-BDDE-ED4F4FBB3311}"
EndProject
Project("{2150E333-8FDC-42A3-9474-1A3956D46DE8}") = "xml", "xml", "{14DB648C-9465-4C1D-8953-20966E381743}"
	ProjectSection(SolutionItems) = preProject
		xml\data-config.xml = xml\data-config.xml
		xml\engineers.xml = xml\engineers.xml
		xml\dependencies.xml = xml\dependencies.xml
		xml\tasks.xml = xml\tasks.xml
	EndProjectSection
EndProject
Global
	GlobalSection(SolutionConfigurationPlatforms) = preSolution
		Debug|Any CPU = Debug|Any CPU
		Release|Any CPU = Release|Any CPU
	EndGlobalSection
	GlobalSection(ProjectConfigurationPlatforms) = postSolution
		{8581EE56-C812-48FE-ACE8-8A1A0791051A}.Debug|Any CPU.ActiveCfg = Debug|Any CPU
		{8581EE56-C812-48FE-ACE8-8A1A0791051A}.Debug|Any CPU.Build.0 = Debug|Any CPU
		{8581EE56-C812-48FE-ACE8-8A1A0791051A}.Release|Any CPU.ActiveCfg = Release|Any CPU
		{8581EE56-C812-48FE-ACE8-8A1A0791051A}.Release|Any CPU.Build.0 = Release|Any CPU
		{C68C5882-CD6B-4B8D-879C-A56BE525E449}.Debug|Any CPU.ActiveCfg = Debug|Any CPU
		{C68C5882-CD6B-4B8D-879C-A56BE525E449}.Debug|Any CPU.Build.0 = Debug|Any CPU
		{C68C5882-CD6B-4B8D-879C-A56BE525E449}.Release|Any CPU.ActiveCfg = Release|Any CPU
		{C68C5882-CD6B-4B8D-879C-A56BE525E449}.Release|Any CPU.Build.0 = Release|Any CPU
		{4460315F-7ACD-40AE-AE13-D9F52388EE3B}.Debug|Any CPU.ActiveCfg = Debug|Any CPU
		{4460315F-7ACD-40AE-AE13-D9F52388EE3B}.Debug|Any CPU.Build.0 = Debug|Any CPU
		{4460315F-7ACD-40AE-AE13-D9F52388EE3B}.Release|Any CPU.ActiveCfg = Release|Any CPU
		{4460315F-7ACD-40AE-AE13-D9F52388EE3B}.Release|Any CPU.Build.0 = Release|Any CPU
		{83D168FF-2FB9-4311-8CB7-7D2587259079}.Debug|Any CPU.ActiveCfg = Debug|Any CPU
		{83D168FF-2FB9-4311-8CB7-7D2587259079}.Debug|Any CPU.Build.0 = Debug|Any CPU
		{83D168FF-2FB9-4311-8CB7-7D2587259079}.Release|Any CPU.ActiveCfg = Release|Any CPU
		{83D168FF-2FB9-4311-8CB7-7D2587259079}.Release|Any CPU.Build.0 = Release|Any CPU
		{8938F21D-363F-460D-BDDE-ED4F4FBB3311}.Debug|Any CPU.ActiveCfg = Debug|Any CPU
		{8938F21D-363F-460D-BDDE-ED4F4FBB3311}.Debug|Any CPU.Build.0 = Debug|Any CPU
		{8938F21D-363F-460D-BDDE-ED4F4FBB3311}.Release|Any CPU.ActiveCfg = Release|Any CPU
		{8938F21D-363F-460D-BDDE-ED4F4FBB3311}.Release|Any CPU.Build.0 = Release|Any CPU
	EndGlobalSection
	GlobalSection(SolutionProperties) = preSolution
		HideSolutionNode = FALSE
	EndGlobalSection
	GlobalSection(ExtensibilityGlobals) = postSolution
		SolutionGuid = {88AE43CB-7213-428D-92FE-70AD677C044A}
	EndGlobalSection
EndGlobal
