
Microsoft Visual Studio Solution File, Format Version 12.00
# Visual Studio Version 17
VisualStudioVersion = 17.8.34330.188
MinimumVisualStudioVersion = 10.0.40219.1
Project("{FAE04EC0-301F-11D3-BF4B-00C04F79EFBC}") = "Stage0", "Stage0\Stage0.csproj", "{8581EE56-C812-48FE-ACE8-8A1A0791051A}"
EndProject
Global
	GlobalSection(SolutionConfigurationPlatforms) = preSolution
		Debug|Any CPU = Debug|Any CPU
		Release|Any CPU = Release|Any CPU
	EndGlobalSection
	GlobalSection(ProjectConfigurationPlatforms) = postSolution
		{8581EE56-C812-48FE-ACE8-8A1A0791051A}.Debug|Any CPU.ActiveCfg = Debug|Any CPU
		{8581EE56-C812-48FE-ACE8-8A1A0791051A}.Debug|Any CPU.Build.0 = Debug|Any CPU
		{8581EE56-C812-48FE-ACE8-8A1A0791051A}.Release|Any CPU.ActiveCfg = Release|Any CPU
		{8581EE56-C812-48FE-ACE8-8A1A0791051A}.Release|Any CPU.Build.0 = Release|Any CPU
	EndGlobalSection
	GlobalSection(SolutionProperties) = preSolution
		HideSolutionNode = FALSE
	EndGlobalSection
	GlobalSection(ExtensibilityGlobals) = postSolution
		SolutionGuid = {88AE43CB-7213-428D-92FE-70AD677C044A}
	EndGlobalSection
EndGlobal
